// !$*UTF8*$!
{
	archiveVersion = 1;
	classes = {
	};
	objectVersion = 55;
	objects = {

/* Begin PBXBuildFile section */
		063B73A127A14575005C362E /* TextAnimationApp.swift in Sources */ = {isa = PBXBuildFile; fileRef = 063B73A027A14575005C362E /* TextAnimationApp.swift */; };
		063B73A327A14575005C362E /* ContentView.swift in Sources */ = {isa = PBXBuildFile; fileRef = 063B73A227A14575005C362E /* ContentView.swift */; };
		063B73A527A14577005C362E /* Assets.xcassets in Resources */ = {isa = PBXBuildFile; fileRef = 063B73A427A14577005C362E /* Assets.xcassets */; };
		063B73A827A14577005C362E /* Preview Assets.xcassets in Resources */ = {isa = PBXBuildFile; fileRef = 063B73A727A14577005C362E /* Preview Assets.xcassets */; };
		063B73B227A14578005C362E /* TextAnimationTests.swift in Sources */ = {isa = PBXBuildFile; fileRef = 063B73B127A14578005C362E /* TextAnimationTests.swift */; };
		063B73BC27A14578005C362E /* TextAnimationUITests.swift in Sources */ = {isa = PBXBuildFile; fileRef = 063B73BB27A14578005C362E /* TextAnimationUITests.swift */; };
		063B73BE27A14578005C362E /* TextAnimationUITestsLaunchTests.swift in Sources */ = {isa = PBXBuildFile; fileRef = 063B73BD27A14578005C362E /* TextAnimationUITestsLaunchTests.swift */; };
		063B73CC27A1478A005C362E /* Home.swift in Sources */ = {isa = PBXBuildFile; fileRef = 063B73CB27A1478A005C362E /* Home.swift */; };
/* End PBXBuildFile section */

/* Begin PBXContainerItemProxy section */
		063B73AE27A14578005C362E /* PBXContainerItemProxy */ = {
			isa = PBXContainerItemProxy;
			containerPortal = 063B739527A14575005C362E /* Project object */;
			proxyType = 1;
			remoteGlobalIDString = 063B739C27A14575005C362E;
			remoteInfo = TextAnimation;
		};
		063B73B827A14578005C362E /* PBXContainerItemProxy */ = {
			isa = PBXContainerItemProxy;
			containerPortal = 063B739527A14575005C362E /* Project object */;
			proxyType = 1;
			remoteGlobalIDString = 063B739C27A14575005C362E;
			remoteInfo = TextAnimation;
		};
/* End PBXContainerItemProxy section */

/* Begin PBXFileReference section */
		063B739D27A14575005C362E /* TextAnimation.app */ = {isa = PBXFileReference; explicitFileType = wrapper.application; includeInIndex = 0; path = TextAnimation.app; sourceTree = BUILT_PRODUCTS_DIR; };
		063B73A027A14575005C362E /* TextAnimationApp.swift */ = {isa = PBXFileReference; lastKnownFileType = sourcecode.swift; path = TextAnimationApp.swift; sourceTree = "<group>"; };
		063B73A227A14575005C362E /* ContentView.swift */ = {isa = PBXFileReference; lastKnownFileType = sourcecode.swift; path = ContentView.swift; sourceTree = "<group>"; };
		063B73A427A14577005C362E /* Assets.xcassets */ = {isa = PBXFileReference; lastKnownFileType = folder.assetcatalog; path = Assets.xcassets; sourceTree = "<group>"; };
		063B73A727A14577005C362E /* Preview Assets.xcassets */ = {isa = PBXFileReference; lastKnownFileType = folder.assetcatalog; path = "Preview Assets.xcassets"; sourceTree = "<group>"; };
		063B73AD27A14578005C362E /* TextAnimationTests.xctest */ = {isa = PBXFileReference; explicitFileType = wrapper.cfbundle; includeInIndex = 0; path = TextAnimationTests.xctest; sourceTree = BUILT_PRODUCTS_DIR; };
		063B73B127A14578005C362E /* TextAnimationTests.swift */ = {isa = PBXFileReference; lastKnownFileType = sourcecode.swift; path = TextAnimationTests.swift; sourceTree = "<group>"; };
		063B73B727A14578005C362E /* TextAnimationUITests.xctest */ = {isa = PBXFileReference; explicitFileType = wrapper.cfbundle; includeInIndex = 0; path = TextAnimationUITests.xctest; sourceTree = BUILT_PRODUCTS_DIR; };
		063B73BB27A14578005C362E /* TextAnimationUITests.swift */ = {isa = PBXFileReference; lastKnownFileType = sourcecode.swift; path = TextAnimationUITests.swift; sourceTree = "<group>"; };
		063B73BD27A14578005C362E /* TextAnimationUITestsLaunchTests.swift */ = {isa = PBXFileReference; lastKnownFileType = sourcecode.swift; path = TextAnimationUITestsLaunchTests.swift; sourceTree = "<group>"; };
		063B73CB27A1478A005C362E /* Home.swift */ = {isa = PBXFileReference; lastKnownFileType = sourcecode.swift; path = Home.swift; sourceTree = "<group>"; };
/* End PBXFileReference section */

/* Begin PBXFrameworksBuildPhase section */
		063B739A27A14575005C362E /* Frameworks */ = {
			isa = PBXFrameworksBuildPhase;
			buildActionMask = 2147483647;
			files = (
			);
			runOnlyForDeploymentPostprocessing = 0;
		};
		063B73AA27A14578005C362E /* Frameworks */ = {
			isa = PBXFrameworksBuildPhase;
			buildActionMask = 2147483647;
			files = (
			);
			runOnlyForDeploymentPostprocessing = 0;
		};
		063B73B427A14578005C362E /* Frameworks */ = {
			isa = PBXFrameworksBuildPhase;
			buildActionMask = 2147483647;
			files = (
			);
			runOnlyForDeploymentPostprocessing = 0;
		};
/* End PBXFrameworksBuildPhase section */

/* Begin PBXGroup section */
		063B739427A14575005C362E = {
			isa = PBXGroup;
			children = (
				063B739F27A14575005C362E /* TextAnimation */,
				063B73B027A14578005C362E /* TextAnimationTests */,
				063B73BA27A14578005C362E /* TextAnimationUITests */,
				063B739E27A14575005C362E /* Products */,
			);
			sourceTree = "<group>";
		};
		063B739E27A14575005C362E /* Products */ = {
			isa = PBXGroup;
			children = (
				063B739D27A14575005C362E /* TextAnimation.app */,
				063B73AD27A14578005C362E /* TextAnimationTests.xctest */,
				063B73B727A14578005C362E /* TextAnimationUITests.xctest */,
			);
			name = Products;
			sourceTree = "<group>";
		};
		063B739F27A14575005C362E /* TextAnimation */ = {
			isa = PBXGroup;
			children = (
				063B73CA27A14723005C362E /* View */,
				063B73A027A14575005C362E /* TextAnimationApp.swift */,
				063B73A227A14575005C362E /* ContentView.swift */,
				063B73A427A14577005C362E /* Assets.xcassets */,
				063B73A627A14577005C362E /* Preview Content */,
			);
			path = TextAnimation;
			sourceTree = "<group>";
		};
		063B73A627A14577005C362E /* Preview Content */ = {
			isa = PBXGroup;
			children = (
				063B73A727A14577005C362E /* Preview Assets.xcassets */,
			);
			path = "Preview Content";
			sourceTree = "<group>";
		};
		063B73B027A14578005C362E /* TextAnimationTests */ = {
			isa = PBXGroup;
			children = (
				063B73B127A14578005C362E /* TextAnimationTests.swift */,
			);
			path = TextAnimationTests;
			sourceTree = "<group>";
		};
		063B73BA27A14578005C362E /* TextAnimationUITests */ = {
			isa = PBXGroup;
			children = (
				063B73BB27A14578005C362E /* TextAnimationUITests.swift */,
				063B73BD27A14578005C362E /* TextAnimationUITestsLaunchTests.swift */,
			);
			path = TextAnimationUITests;
			sourceTree = "<group>";
		};
		063B73CA27A14723005C362E /* View */ = {
			isa = PBXGroup;
			children = (
				063B73CB27A1478A005C362E /* Home.swift */,
			);
			path = View;
			sourceTree = "<group>";
		};
/* End PBXGroup section */

/* Begin PBXNativeTarget section */
		063B739C27A14575005C362E /* TextAnimation */ = {
			isa = PBXNativeTarget;
			buildConfigurationList = 063B73C127A14578005C362E /* Build configuration list for PBXNativeTarget "TextAnimation" */;
			buildPhases = (
				063B739927A14575005C362E /* Sources */,
				063B739A27A14575005C362E /* Frameworks */,
				063B739B27A14575005C362E /* Resources */,
			);
			buildRules = (
			);
			dependencies = (
			);
			name = TextAnimation;
			productName = TextAnimation;
			productReference = 063B739D27A14575005C362E /* TextAnimation.app */;
			productType = "com.apple.product-type.application";
		};
		063B73AC27A14578005C362E /* TextAnimationTests */ = {
			isa = PBXNativeTarget;
			buildConfigurationList = 063B73C427A14578005C362E /* Build configuration list for PBXNativeTarget "TextAnimationTests" */;
			buildPhases = (
				063B73A927A14578005C362E /* Sources */,
				063B73AA27A14578005C362E /* Frameworks */,
				063B73AB27A14578005C362E /* Resources */,
			);
			buildRules = (
			);
			dependencies = (
				063B73AF27A14578005C362E /* PBXTargetDependency */,
			);
			name = TextAnimationTests;
			productName = TextAnimationTests;
			productReference = 063B73AD27A14578005C362E /* TextAnimationTests.xctest */;
			productType = "com.apple.product-type.bundle.unit-test";
		};
		063B73B627A14578005C362E /* TextAnimationUITests */ = {
			isa = PBXNativeTarget;
			buildConfigurationList = 063B73C727A14578005C362E /* Build configuration list for PBXNativeTarget "TextAnimationUITests" */;
			buildPhases = (
				063B73B327A14578005C362E /* Sources */,
				063B73B427A14578005C362E /* Frameworks */,
				063B73B527A14578005C362E /* Resources */,
			);
			buildRules = (
			);
			dependencies = (
				063B73B927A14578005C362E /* PBXTargetDependency */,
			);
			name = TextAnimationUITests;
			productName = TextAnimationUITests;
			productReference = 063B73B727A14578005C362E /* TextAnimationUITests.xctest */;
			productType = "com.apple.product-type.bundle.ui-testing";
		};
/* End PBXNativeTarget section */

/* Begin PBXProject section */
		063B739527A14575005C362E /* Project object */ = {
			isa = PBXProject;
			attributes = {
				BuildIndependentTargetsInParallel = 1;
				LastSwiftUpdateCheck = 1320;
				LastUpgradeCheck = 1320;
				TargetAttributes = {
					063B739C27A14575005C362E = {
						CreatedOnToolsVersion = 13.2.1;
					};
					063B73AC27A14578005C362E = {
						CreatedOnToolsVersion = 13.2.1;
						TestTargetID = 063B739C27A14575005C362E;
					};
					063B73B627A14578005C362E = {
						CreatedOnToolsVersion = 13.2.1;
						TestTargetID = 063B739C27A14575005C362E;
					};
				};
			};
			buildConfigurationList = 063B739827A14575005C362E /* Build configuration list for PBXProject "TextAnimation" */;
			compatibilityVersion = "Xcode 13.0";
			developmentRegion = en;
			hasScannedForEncodings = 0;
			knownRegions = (
				en,
				Base,
			);
			mainGroup = 063B739427A14575005C362E;
			productRefGroup = 063B739E27A14575005C362E /* Products */;
			projectDirPath = "";
			projectRoot = "";
			targets = (
				063B739C27A14575005C362E /* TextAnimation */,
				063B73AC27A14578005C362E /* TextAnimationTests */,
				063B73B627A14578005C362E /* TextAnimationUITests */,
			);
		};
/* End PBXProject section */

/* Begin PBXResourcesBuildPhase section */
		063B739B27A14575005C362E /* Resources */ = {
			isa = PBXResourcesBuildPhase;
			buildActionMask = 2147483647;
			files = (
				063B73A827A14577005C362E /* Preview Assets.xcassets in Resources */,
				063B73A527A14577005C362E /* Assets.xcassets in Resources */,
			);
			runOnlyForDeploymentPostprocessing = 0;
		};
		063B73AB27A14578005C362E /* Resources */ = {
			isa = PBXResourcesBuildPhase;
			buildActionMask = 2147483647;
			files = (
			);
			runOnlyForDeploymentPostprocessing = 0;
		};
		063B73B527A14578005C362E /* Resources */ = {
			isa = PBXResourcesBuildPhase;
			buildActionMask = 2147483647;
			files = (
			);
			runOnlyForDeploymentPostprocessing = 0;
		};
/* End PBXResourcesBuildPhase section */

/* Begin PBXSourcesBuildPhase section */
		063B739927A14575005C362E /* Sources */ = {
			isa = PBXSourcesBuildPhase;
			buildActionMask = 2147483647;
			files = (
				063B73A327A14575005C362E /* ContentView.swift in Sources */,
				063B73CC27A1478A005C362E /* Home.swift in Sources */,
				063B73A127A14575005C362E /* TextAnimationApp.swift in Sources */,
			);
			runOnlyForDeploymentPostprocessing = 0;
		};
		063B73A927A14578005C362E /* Sources */ = {
			isa = PBXSourcesBuildPhase;
			buildActionMask = 2147483647;
			files = (
				063B73B227A14578005C362E /* TextAnimationTests.swift in Sources */,
			);
			runOnlyForDeploymentPostprocessing = 0;
		};
		063B73B327A14578005C362E /* Sources */ = {
			isa = PBXSourcesBuildPhase;
			buildActionMask = 2147483647;
			files = (
				063B73BE27A14578005C362E /* TextAnimationUITestsLaunchTests.swift in Sources */,
				063B73BC27A14578005C362E /* TextAnimationUITests.swift in Sources */,
			);
			runOnlyForDeploymentPostprocessing = 0;
		};
/* End PBXSourcesBuildPhase section */

/* Begin PBXTargetDependency section */
		063B73AF27A14578005C362E /* PBXTargetDependency */ = {
			isa = PBXTargetDependency;
			target = 063B739C27A14575005C362E /* TextAnimation */;
			targetProxy = 063B73AE27A14578005C362E /* PBXContainerItemProxy */;
		};
		063B73B927A14578005C362E /* PBXTargetDependency */ = {
			isa = PBXTargetDependency;
			target = 063B739C27A14575005C362E /* TextAnimation */;
			targetProxy = 063B73B827A14578005C362E /* PBXContainerItemProxy */;
		};
/* End PBXTargetDependency section */

/* Begin XCBuildConfiguration section */
		063B73BF27A14578005C362E /* Debug */ = {
			isa = XCBuildConfiguration;
			buildSettings = {
				ALWAYS_SEARCH_USER_PATHS = NO;
				CLANG_ANALYZER_NONNULL = YES;
				CLANG_ANALYZER_NUMBER_OBJECT_CONVERSION = YES_AGGRESSIVE;
				CLANG_CXX_LANGUAGE_STANDARD = "gnu++17";
				CLANG_CXX_LIBRARY = "libc++";
				CLANG_ENABLE_MODULES = YES;
				CLANG_ENABLE_OBJC_ARC = YES;
				CLANG_ENABLE_OBJC_WEAK = YES;
				CLANG_WARN_BLOCK_CAPTURE_AUTORELEASING = YES;
				CLANG_WARN_BOOL_CONVERSION = YES;
				CLANG_WARN_COMMA = YES;
				CLANG_WARN_CONSTANT_CONVERSION = YES;
				CLANG_WARN_DEPRECATED_OBJC_IMPLEMENTATIONS = YES;
				CLANG_WARN_DIRECT_OBJC_ISA_USAGE = YES_ERROR;
				CLANG_WARN_DOCUMENTATION_COMMENTS = YES;
				CLANG_WARN_EMPTY_BODY = YES;
				CLANG_WARN_ENUM_CONVERSION = YES;
				CLANG_WARN_INFINITE_RECURSION = YES;
				CLANG_WARN_INT_CONVERSION = YES;
				CLANG_WARN_NON_LITERAL_NULL_CONVERSION = YES;
				CLANG_WARN_OBJC_IMPLICIT_RETAIN_SELF = YES;
				CLANG_WARN_OBJC_LITERAL_CONVERSION = YES;
				CLANG_WARN_OBJC_ROOT_CLASS = YES_ERROR;
				CLANG_WARN_QUOTED_INCLUDE_IN_FRAMEWORK_HEADER = YES;
				CLANG_WARN_RANGE_LOOP_ANALYSIS = YES;
				CLANG_WARN_STRICT_PROTOTYPES = YES;
				CLANG_WARN_SUSPICIOUS_MOVE = YES;
				CLANG_WARN_UNGUARDED_AVAILABILITY = YES_AGGRESSIVE;
				CLANG_WARN_UNREACHABLE_CODE = YES;
				CLANG_WARN__DUPLICATE_METHOD_MATCH = YES;
				COPY_PHASE_STRIP = NO;
				DEBUG_INFORMATION_FORMAT = dwarf;
				ENABLE_STRICT_OBJC_MSGSEND = YES;
				ENABLE_TESTABILITY = YES;
				GCC_C_LANGUAGE_STANDARD = gnu11;
				GCC_DYNAMIC_NO_PIC = NO;
				GCC_NO_COMMON_BLOCKS = YES;
				GCC_OPTIMIZATION_LEVEL = 0;
				GCC_PREPROCESSOR_DEFINITIONS = (
					"DEBUG=1",
					"$(inherited)",
				);
				GCC_WARN_64_TO_32_BIT_CONVERSION = YES;
				GCC_WARN_ABOUT_RETURN_TYPE = YES_ERROR;
				GCC_WARN_UNDECLARED_SELECTOR = YES;
				GCC_WARN_UNINITIALIZED_AUTOS = YES_AGGRESSIVE;
				GCC_WARN_UNUSED_FUNCTION = YES;
				GCC_WARN_UNUSED_VARIABLE = YES;
				IPHONEOS_DEPLOYMENT_TARGET = 15.2;
				MTL_ENABLE_DEBUG_INFO = INCLUDE_SOURCE;
				MTL_FAST_MATH = YES;
				ONLY_ACTIVE_ARCH = YES;
				SDKROOT = iphoneos;
				SWIFT_ACTIVE_COMPILATION_CONDITIONS = DEBUG;
				SWIFT_OPTIMIZATION_LEVEL = "-Onone";
			};
			name = Debug;
		};
		063B73C027A14578005C362E /* Release */ = {
			isa = XCBuildConfiguration;
			buildSettings = {
				ALWAYS_SEARCH_USER_PATHS = NO;
				CLANG_ANALYZER_NONNULL = YES;
				CLANG_ANALYZER_NUMBER_OBJECT_CONVERSION = YES_AGGRESSIVE;
				CLANG_CXX_LANGUAGE_STANDARD = "gnu++17";
				CLANG_CXX_LIBRARY = "libc++";
				CLANG_ENABLE_MODULES = YES;
				CLANG_ENABLE_OBJC_ARC = YES;
				CLANG_ENABLE_OBJC_WEAK = YES;
				CLANG_WARN_BLOCK_CAPTURE_AUTORELEASING = YES;
				CLANG_WARN_BOOL_CONVERSION = YES;
				CLANG_WARN_COMMA = YES;
				CLANG_WARN_CONSTANT_CONVERSION = YES;
				CLANG_WARN_DEPRECATED_OBJC_IMPLEMENTATIONS = YES;
				CLANG_WARN_DIRECT_OBJC_ISA_USAGE = YES_ERROR;
				CLANG_WARN_DOCUMENTATION_COMMENTS = YES;
				CLANG_WARN_EMPTY_BODY = YES;
				CLANG_WARN_ENUM_CONVERSION = YES;
				CLANG_WARN_INFINITE_RECURSION = YES;
				CLANG_WARN_INT_CONVERSION = YES;
				CLANG_WARN_NON_LITERAL_NULL_CONVERSION = YES;
				CLANG_WARN_OBJC_IMPLICIT_RETAIN_SELF = YES;
				CLANG_WARN_OBJC_LITERAL_CONVERSION = YES;
				CLANG_WARN_OBJC_ROOT_CLASS = YES_ERROR;
				CLANG_WARN_QUOTED_INCLUDE_IN_FRAMEWORK_HEADER = YES;
				CLANG_WARN_RANGE_LOOP_ANALYSIS = YES;
				CLANG_WARN_STRICT_PROTOTYPES = YES;
				CLANG_WARN_SUSPICIOUS_MOVE = YES;
				CLANG_WARN_UNGUARDED_AVAILABILITY = YES_AGGRESSIVE;
				CLANG_WARN_UNREACHABLE_CODE = YES;
				CLANG_WARN__DUPLICATE_METHOD_MATCH = YES;
				COPY_PHASE_STRIP = NO;
				DEBUG_INFORMATION_FORMAT = "dwarf-with-dsym";
				ENABLE_NS_ASSERTIONS = NO;
				ENABLE_STRICT_OBJC_MSGSEND = YES;
				GCC_C_LANGUAGE_STANDARD = gnu11;
				GCC_NO_COMMON_BLOCKS = YES;
				GCC_WARN_64_TO_32_BIT_CONVERSION = YES;
				GCC_WARN_ABOUT_RETURN_TYPE = YES_ERROR;
				GCC_WARN_UNDECLARED_SELECTOR = YES;
				GCC_WARN_UNINITIALIZED_AUTOS = YES_AGGRESSIVE;
				GCC_WARN_UNUSED_FUNCTION = YES;
				GCC_WARN_UNUSED_VARIABLE = YES;
				IPHONEOS_DEPLOYMENT_TARGET = 15.2;
				MTL_ENABLE_DEBUG_INFO = NO;
				MTL_FAST_MATH = YES;
				SDKROOT = iphoneos;
				SWIFT_COMPILATION_MODE = wholemodule;
				SWIFT_OPTIMIZATION_LEVEL = "-O";
				VALIDATE_PRODUCT = YES;
			};
			name = Release;
		};
		063B73C227A14578005C362E /* Debug */ = {
			isa = XCBuildConfiguration;
			buildSettings = {
				ASSETCATALOG_COMPILER_APPICON_NAME = AppIcon;
				ASSETCATALOG_COMPILER_GLOBAL_ACCENT_COLOR_NAME = AccentColor;
				CODE_SIGN_STYLE = Automatic;
				CURRENT_PROJECT_VERSION = 1;
				DEVELOPMENT_ASSET_PATHS = "\"TextAnimation/Preview Content\"";
				DEVELOPMENT_TEAM = 84ZVHZY7F4;
				ENABLE_PREVIEWS = YES;
				GENERATE_INFOPLIST_FILE = YES;
				INFOPLIST_KEY_UIApplicationSceneManifest_Generation = YES;
				INFOPLIST_KEY_UIApplicationSupportsIndirectInputEvents = YES;
				INFOPLIST_KEY_UILaunchScreen_Generation = YES;
				INFOPLIST_KEY_UISupportedInterfaceOrientations = UIInterfaceOrientationPortrait;
				INFOPLIST_KEY_UISupportedInterfaceOrientations_iPad = "UIInterfaceOrientationPortrait UIInterfaceOrientationPortraitUpsideDown UIInterfaceOrientationLandscapeLeft UIInterfaceOrientationLandscapeRight";
				INFOPLIST_KEY_UISupportedInterfaceOrientations_iPhone = "UIInterfaceOrientationPortrait UIInterfaceOrientationLandscapeLeft UIInterfaceOrientationLandscapeRight";
				LD_RUNPATH_SEARCH_PATHS = (
					"$(inherited)",
					"@executable_path/Frameworks",
				);
				MARKETING_VERSION = 1.0;
				PRODUCT_BUNDLE_IDENTIFIER = com.QuangBao.TextAnimation;
				PRODUCT_NAME = "$(TARGET_NAME)";
				SWIFT_EMIT_LOC_STRINGS = YES;
				SWIFT_VERSION = 5.0;
				TARGETED_DEVICE_FAMILY = "1,2";
			};
			name = Debug;
		};
		063B73C327A14578005C362E /* Release */ = {
			isa = XCBuildConfiguration;
			buildSettings = {
				ASSETCATALOG_COMPILER_APPICON_NAME = AppIcon;
				ASSETCATALOG_COMPILER_GLOBAL_ACCENT_COLOR_NAME = AccentColor;
				CODE_SIGN_STYLE = Automatic;
				CURRENT_PROJECT_VERSION = 1;
				DEVELOPMENT_ASSET_PATHS = "\"TextAnimation/Preview Content\"";
				DEVELOPMENT_TEAM = 84ZVHZY7F4;
				ENABLE_PREVIEWS = YES;
				GENERATE_INFOPLIST_FILE = YES;
				INFOPLIST_KEY_UIApplicationSceneManifest_Generation = YES;
				INFOPLIST_KEY_UIApplicationSupportsIndirectInputEvents = YES;
				INFOPLIST_KEY_UILaunchScreen_Generation = YES;
				INFOPLIST_KEY_UISupportedInterfaceOrientations = UIInterfaceOrientationPortrait;
				INFOPLIST_KEY_UISupportedInterfaceOrientations_iPad = "UIInterfaceOrientationPortrait UIInterfaceOrientationPortraitUpsideDown UIInterfaceOrientationLandscapeLeft UIInterfaceOrientationLandscapeRight";
				INFOPLIST_KEY_UISupportedInterfaceOrientations_iPhone = "UIInterfaceOrientationPortrait UIInterfaceOrientationLandscapeLeft UIInterfaceOrientationLandscapeRight";
				LD_RUNPATH_SEARCH_PATHS = (
					"$(inherited)",
					"@executable_path/Frameworks",
				);
				MARKETING_VERSION = 1.0;
				PRODUCT_BUNDLE_IDENTIFIER = com.QuangBao.TextAnimation;
				PRODUCT_NAME = "$(TARGET_NAME)";
				SWIFT_EMIT_LOC_STRINGS = YES;
				SWIFT_VERSION = 5.0;
				TARGETED_DEVICE_FAMILY = "1,2";
			};
			name = Release;
		};
		063B73C527A14578005C362E /* Debug */ = {
			isa = XCBuildConfiguration;
			buildSettings = {
				ALWAYS_EMBED_SWIFT_STANDARD_LIBRARIES = YES;
				BUNDLE_LOADER = "$(TEST_HOST)";
				CODE_SIGN_STYLE = Automatic;
				CURRENT_PROJECT_VERSION = 1;
				DEVELOPMENT_TEAM = 84ZVHZY7F4;
				GENERATE_INFOPLIST_FILE = YES;
				IPHONEOS_DEPLOYMENT_TARGET = 15.2;
				MARKETING_VERSION = 1.0;
				PRODUCT_BUNDLE_IDENTIFIER = com.QuangBao.TextAnimationTests;
				PRODUCT_NAME = "$(TARGET_NAME)";
				SWIFT_EMIT_LOC_STRINGS = NO;
				SWIFT_VERSION = 5.0;
				TARGETED_DEVICE_FAMILY = "1,2";
				TEST_HOST = "$(BUILT_PRODUCTS_DIR)/TextAnimation.app/TextAnimation";
			};
			name = Debug;
		};
		063B73C627A14578005C362E /* Release */ = {
			isa = XCBuildConfiguration;
			buildSettings = {
				ALWAYS_EMBED_SWIFT_STANDARD_LIBRARIES = YES;
				BUNDLE_LOADER = "$(TEST_HOST)";
				CODE_SIGN_STYLE = Automatic;
				CURRENT_PROJECT_VERSION = 1;
				DEVELOPMENT_TEAM = 84ZVHZY7F4;
				GENERATE_INFOPLIST_FILE = YES;
				IPHONEOS_DEPLOYMENT_TARGET = 15.2;
				MARKETING_VERSION = 1.0;
				PRODUCT_BUNDLE_IDENTIFIER = com.QuangBao.TextAnimationTests;
				PRODUCT_NAME = "$(TARGET_NAME)";
				SWIFT_EMIT_LOC_STRINGS = NO;
				SWIFT_VERSION = 5.0;
				TARGETED_DEVICE_FAMILY = "1,2";
				TEST_HOST = "$(BUILT_PRODUCTS_DIR)/TextAnimation.app/TextAnimation";
			};
			name = Release;
		};
		063B73C827A14578005C362E /* Debug */ = {
			isa = XCBuildConfiguration;
			buildSettings = {
				ALWAYS_EMBED_SWIFT_STANDARD_LIBRARIES = YES;
				CODE_SIGN_STYLE = Automatic;
				CURRENT_PROJECT_VERSION = 1;
				DEVELOPMENT_TEAM = 84ZVHZY7F4;
				GENERATE_INFOPLIST_FILE = YES;
				MARKETING_VERSION = 1.0;
				PRODUCT_BUNDLE_IDENTIFIER = com.QuangBao.TextAnimationUITests;
				PRODUCT_NAME = "$(TARGET_NAME)";
				SWIFT_EMIT_LOC_STRINGS = NO;
				SWIFT_VERSION = 5.0;
				TARGETED_DEVICE_FAMILY = "1,2";
				TEST_TARGET_NAME = TextAnimation;
			};
			name = Debug;
		};
		063B73C927A14578005C362E /* Release */ = {
			isa = XCBuildConfiguration;
			buildSettings = {
				ALWAYS_EMBED_SWIFT_STANDARD_LIBRARIES = YES;
				CODE_SIGN_STYLE = Automatic;
				CURRENT_PROJECT_VERSION = 1;
				DEVELOPMENT_TEAM = 84ZVHZY7F4;
				GENERATE_INFOPLIST_FILE = YES;
				MARKETING_VERSION = 1.0;
				PRODUCT_BUNDLE_IDENTIFIER = com.QuangBao.TextAnimationUITests;
				PRODUCT_NAME = "$(TARGET_NAME)";
				SWIFT_EMIT_LOC_STRINGS = NO;
				SWIFT_VERSION = 5.0;
				TARGETED_DEVICE_FAMILY = "1,2";
				TEST_TARGET_NAME = TextAnimation;
			};
			name = Release;
		};
/* End XCBuildConfiguration section */

/* Begin XCConfigurationList section */
		063B739827A14575005C362E /* Build configuration list for PBXProject "TextAnimation" */ = {
			isa = XCConfigurationList;
			buildConfigurations = (
				063B73BF27A14578005C362E /* Debug */,
				063B73C027A14578005C362E /* Release */,
			);
			defaultConfigurationIsVisible = 0;
			defaultConfigurationName = Release;
		};
		063B73C127A14578005C362E /* Build configuration list for PBXNativeTarget "TextAnimation" */ = {
			isa = XCConfigurationList;
			buildConfigurations = (
				063B73C227A14578005C362E /* Debug */,
				063B73C327A14578005C362E /* Release */,
			);
			defaultConfigurationIsVisible = 0;
			defaultConfigurationName = Release;
		};
		063B73C427A14578005C362E /* Build configuration list for PBXNativeTarget "TextAnimationTests" */ = {
			isa = XCConfigurationList;
			buildConfigurations = (
				063B73C527A14578005C362E /* Debug */,
				063B73C627A14578005C362E /* Release */,
			);
			defaultConfigurationIsVisible = 0;
			defaultConfigurationName = Release;
		};
		063B73C727A14578005C362E /* Build configuration list for PBXNativeTarget "TextAnimationUITests" */ = {
			isa = XCConfigurationList;
			buildConfigurations = (
				063B73C827A14578005C362E /* Debug */,
				063B73C927A14578005C362E /* Release */,
			);
			defaultConfigurationIsVisible = 0;
			defaultConfigurationName = Release;
		};
/* End XCConfigurationList section */
	};
	rootObject = 063B739527A14575005C362E /* Project object */;
}
